
Microsoft Visual Studio Solution File, Format Version 12.00
# Visual Studio Version 17
VisualStudioVersion = 17.7.34202.233
MinimumVisualStudioVersion = 10.0.40219.1
Project("{FAE04EC0-301F-11D3-BF4B-00C04F79EFBC}") = "social-justice-BE", "social-justice-BE.csproj", "{B6B42027-FD44-4D41-90F6-3AC5CCB8ECC6}"
EndProject
Global
	GlobalSection(SolutionConfigurationPlatforms) = preSolution
		Debug|Any CPU = Debug|Any CPU
		Release|Any CPU = Release|Any CPU
	EndGlobalSection
	GlobalSection(ProjectConfigurationPlatforms) = postSolution
		{B6B42027-FD44-4D41-90F6-3AC5CCB8ECC6}.Debug|Any CPU.ActiveCfg = Debug|Any CPU
		{B6B42027-FD44-4D41-90F6-3AC5CCB8ECC6}.Debug|Any CPU.Build.0 = Debug|Any CPU
		{B6B42027-FD44-4D41-90F6-3AC5CCB8ECC6}.Release|Any CPU.ActiveCfg = Release|Any CPU
		{B6B42027-FD44-4D41-90F6-3AC5CCB8ECC6}.Release|Any CPU.Build.0 = Release|Any CPU
	EndGlobalSection
	GlobalSection(SolutionProperties) = preSolution
		HideSolutionNode = FALSE
	EndGlobalSection
	GlobalSection(ExtensibilityGlobals) = postSolution
		SolutionGuid = {5E68D926-8258-466F-B96E-8725C68F5A8D}
	EndGlobalSection
EndGlobal
